<?xml version="1.0" encoding="utf-8"?>
<Project ToolsVersion="4.0" xmlns="http://schemas.microsoft.com/developer/msbuild/2003">
  <ItemGroup>
    <Filter Include="Source Files">
      <UniqueIdentifier>{4FC737F1-C7A5-4376-A066-2A32D752A2FF}</UniqueIdentifier>
      <Extensions>cpp;c;cc;cxx;def;odl;idl;hpj;bat;asm;asmx</Extensions>
    </Filter>
    <Filter Include="Header Files">
      <UniqueIdentifier>{93995380-89BD-4b04-88EB-625FBE52EBFB}</UniqueIdentifier>
      <Extensions>h;hh;hpp;hxx;hm;inl;inc;ipp;xsd</Extensions>
    </Filter>
    <Filter Include="Resource Files">
      <UniqueIdentifier>{67DA6AB6-F800-4c08-8B7A-83BB121AAD01}</UniqueIdentifier>
      <Extensions>rc;ico;cur;bmp;dlg;rc2;rct;bin;rgs;gif;jpg;jpeg;jpe;resx;tiff;tif;png;wav;mfcribbon-ms</Extensions>
    </Filter>
  </ItemGroup>
  <ItemGroup>
    <ClCompile Include="src\main.cpp">
      <Filter>Source Files</Filter>
    </ClCompile>
    <ClCompile Include="src\camera.cpp">
      <Filter>Source Files</Filter>
    </ClCompile>
    <ClCompile Include="src\directional_light.cpp">
      <Filter>Source Files</Filter>
    </ClCompile>
    <ClCompile Include="src\shader.cpp">
      <Filter>Source Files</Filter>
    </ClCompile>
    <ClCompile Include="src\texture.cpp">
      <Filter>Source Files</Filter>
    </ClCompile>
    <ClCompile Include="src\window.cpp">
      <Filter>Source Files</Filter>
    </ClCompile>
    <ClCompile Include="src\game.cpp">
      <Filter>Source Files</Filter>
    </ClCompile>
    <ClCompile Include="src\box.cpp">
      <Filter>Source Files</Filter>
    </ClCompile>
    <ClCompile Include="src\terrain.cpp">
      <Filter>Source Files</Filter>
    </ClCompile>
    <ClCompile Include="src\skybox.cpp">
      <Filter>Source Files</Filter>
    </ClCompile>
    <ClCompile Include="src\quad.cpp">
      <Filter>Source Files</Filter>
    </ClCompile>
    <ClCompile Include="src\point_light.cpp">
      <Filter>Source Files</Filter>
    </ClCompile>
    <ClCompile Include="src\temp_box.cpp">
      <Filter>Source Files</Filter>
    </ClCompile>
    <ClCompile Include="src\normal_quad.cpp">
      <Filter>Source Files</Filter>
    </ClCompile>
    <ClCompile Include="src\particle_emitter.cpp">
      <Filter>Source Files</Filter>
    </ClCompile>
    <ClCompile Include="src\animation.cpp">
      <Filter>Source Files</Filter>
    </ClCompile>
    <ClCompile Include="src\quad_tess.cpp">
      <Filter>Source Files</Filter>
    </ClCompile>
    <ClCompile Include="src\icosahedron.cpp">
      <Filter>Source Files</Filter>
    </ClCompile>
    <ClCompile Include="src\race.cpp">
      <Filter>Source Files</Filter>
    </ClCompile>
    <ClCompile Include="src\text.cpp">
      <Filter>Source Files</Filter>
    </ClCompile>
    <ClCompile Include="src\node.cpp">
      <Filter>Source Files</Filter>
    </ClCompile>
    <ClCompile Include="src\mesh.cpp">
      <Filter>Source Files</Filter>
    </ClCompile>
    <ClCompile Include="external\include\nclgl\MD5Anim.cpp">
      <Filter>Source Files</Filter>
    </ClCompile>
    <ClCompile Include="external\include\nclgl\MD5FileData.cpp">
      <Filter>Source Files</Filter>
    </ClCompile>
    <ClCompile Include="src\particles.cpp">
      <Filter>Source Files</Filter>
    </ClCompile>
  </ItemGroup>
  <ItemGroup>
    <ClInclude Include="include\buffer.hpp">
      <Filter>Header Files</Filter>
    </ClInclude>
    <ClInclude Include="include\camera.hpp">
      <Filter>Header Files</Filter>
    </ClInclude>
    <ClInclude Include="include\directional_light.hpp">
      <Filter>Header Files</Filter>
    </ClInclude>
    <ClInclude Include="include\shader.hpp">
      <Filter>Header Files</Filter>
    </ClInclude>
    <ClInclude Include="include\window.hpp">
      <Filter>Header Files</Filter>
    </ClInclude>
    <ClInclude Include="include\texture.hpp">
      <Filter>Header Files</Filter>
    </ClInclude>
    <ClInclude Include="include\game.hpp">
      <Filter>Header Files</Filter>
    </ClInclude>
    <ClInclude Include="include\box.hpp">
      <Filter>Header Files</Filter>
    </ClInclude>
    <ClInclude Include="include\terrain.hpp">
      <Filter>Header Files</Filter>
    </ClInclude>
    <ClInclude Include="include\skybox.hpp">
      <Filter>Header Files</Filter>
    </ClInclude>
    <ClInclude Include="include\quad.hpp">
      <Filter>Header Files</Filter>
    </ClInclude>
    <ClInclude Include="include\point_light.hpp">
      <Filter>Header Files</Filter>
    </ClInclude>
    <ClInclude Include="include\temp_box.hpp">
      <Filter>Header Files</Filter>
    </ClInclude>
    <ClInclude Include="include\normal_quad.hpp">
      <Filter>Header Files</Filter>
    </ClInclude>
    <ClInclude Include="include\particle_emitter.hpp">
      <Filter>Header Files</Filter>
    </ClInclude>
    <ClInclude Include="include\animation.hpp">
      <Filter>Header Files</Filter>
    </ClInclude>
    <ClInclude Include="include\quad_tess.hpp">
      <Filter>Header Files</Filter>
    </ClInclude>
    <ClInclude Include="include\icosahedron.hpp">
      <Filter>Header Files</Filter>
    </ClInclude>
    <ClInclude Include="include\race.hpp">
      <Filter>Header Files</Filter>
    </ClInclude>
    <ClInclude Include="include\text.hpp">
      <Filter>Header Files</Filter>
    </ClInclude>
    <ClInclude Include="include\node.hpp">
      <Filter>Header Files</Filter>
    </ClInclude>
    <ClInclude Include="include\mesh.hpp">
      <Filter>Header Files</Filter>
    </ClInclude>
    <ClInclude Include="external\include\nclgl\MD5Anim.h">
      <Filter>Header Files</Filter>
    </ClInclude>
    <ClInclude Include="external\include\nclgl\common.h">
      <Filter>Header Files</Filter>
    </ClInclude>
    <ClInclude Include="external\include\nclgl\MD5FileData.h">
      <Filter>Header Files</Filter>
    </ClInclude>
    <ClInclude Include="include\objects.hpp">
      <Filter>Header Files</Filter>
    </ClInclude>
    <ClInclude Include="include\particles.hpp">
      <Filter>Header Files</Filter>
    </ClInclude>
  </ItemGroup>
  <ItemGroup>
    <None Include="shaders\skybox.vs" />
    <None Include="shaders\skybox.fs" />
    <None Include="shaders\phong.vs" />
    <None Include="shaders\phong.fs" />
    <None Include="shaders\normal.vs" />
    <None Include="shaders\normal.fs" />
    <None Include="shaders\billboard.vs" />
    <None Include="shaders\billboard.fs" />
    <None Include="shaders\terrain.vs" />
    <None Include="shaders\terrain.fs" />
    <None Include="shaders\environment_mapping.vs" />
    <None Include="shaders\environment_mapping.fs" />
    <None Include="shaders\tess.cs" />
    <None Include="shaders\tess.vs" />
    <None Include="shaders\tess.es" />
    <None Include="shaders\tess.fs" />
    <None Include="shaders\text.vs" />
    <None Include="shaders\text.fs" />
    <None Include="shaders\backface.vs" />
    <None Include="shaders\backface.fs" />
  </ItemGroup>
</Project>